
Microsoft Visual Studio Solution File, Format Version 12.00
# Visual Studio Version 17
VisualStudioVersion = 17.7.34031.279
MinimumVisualStudioVersion = 10.0.40219.1
Project("{FAE04EC0-301F-11D3-BF4B-00C04F79EFBC}") = "Sharekhan", "Sharekhan\Sharekhan.csproj", "{1C01F1F5-4EA0-48AD-AC29-7ED2E564F08E}"
EndProject
Global
	GlobalSection(SolutionConfigurationPlatforms) = preSolution
		Debug|Any CPU = Debug|Any CPU
		Release|Any CPU = Release|Any CPU
	EndGlobalSection
	GlobalSection(ProjectConfigurationPlatforms) = postSolution
		{1C01F1F5-4EA0-48AD-AC29-7ED2E564F08E}.Debug|Any CPU.ActiveCfg = Debug|Any CPU
		{1C01F1F5-4EA0-48AD-AC29-7ED2E564F08E}.Debug|Any CPU.Build.0 = Debug|Any CPU
		{1C01F1F5-4EA0-48AD-AC29-7ED2E564F08E}.Release|Any CPU.ActiveCfg = Release|Any CPU
		{1C01F1F5-4EA0-48AD-AC29-7ED2E564F08E}.Release|Any CPU.Build.0 = Release|Any CPU
	EndGlobalSection
	GlobalSection(SolutionProperties) = preSolution
		HideSolutionNode = FALSE
	EndGlobalSection
	GlobalSection(ExtensibilityGlobals) = postSolution
		SolutionGuid = {D73B2ADE-24DE-41E8-8354-7C43FC1B4853}
	EndGlobalSection
EndGlobal
